PODS:
  - CocoaLumberjack (2.3.0):
    - CocoaLumberjack/Default (= 2.3.0)
    - CocoaLumberjack/Extensions (= 2.3.0)
  - CocoaLumberjack/Core (2.3.0)
  - CocoaLumberjack/Default (2.3.0):
    - CocoaLumberjack/Core
  - CocoaLumberjack/Extensions (2.3.0):
    - CocoaLumberjack/Default
  - MBProgressHUD (0.9.2)
  - SalesforceNetwork (4.3.1):
    - SalesforceNetwork/SalesforceNetwork (= 4.3.1)
  - SalesforceNetwork/SalesforceNetwork (4.3.1):
    - SalesforceSDKCore
  - SalesforceRestAPI (4.3.1):
    - SalesforceRestAPI/SalesforceRestAPI (= 4.3.1)
  - SalesforceRestAPI/SalesforceRestAPI (4.3.1):
    - SalesforceNetwork
    - SalesforceSDKCore
  - SalesforceSDKCore (4.3.1):
    - SalesforceSDKCore/SalesforceSDKCore (= 4.3.1)
  - SalesforceSDKCore/SalesforceSDKCore (4.3.1):
    - CocoaLumberjack (~> 2.3.0)
    - SalesforceSDKCore/SalesforceSDKCore/arc (= 4.3.1)
    - SalesforceSDKCore/SalesforceSDKCore/base (= 4.3.1)
    - SalesforceSDKCore/SalesforceSDKCore/no-arc (= 4.3.1)
  - SalesforceSDKCore/SalesforceSDKCore/arc (4.3.1):
    - CocoaLumberjack (~> 2.3.0)
    - SalesforceSDKCore/SalesforceSDKCore/base
    - SalesforceSDKCore/SalesforceSDKCore/no-arc
  - SalesforceSDKCore/SalesforceSDKCore/base (4.3.1):
    - CocoaLumberjack (~> 2.3.0)
  - SalesforceSDKCore/SalesforceSDKCore/no-arc (4.3.1):
    - CocoaLumberjack (~> 2.3.0)
    - SalesforceSDKCore/SalesforceSDKCore/base
  - SDWebImage (3.8.2):
    - SDWebImage/Core (= 3.8.2)
  - SDWebImage/Core (3.8.2)
  - SmartStore (4.3.1):
    - SmartStore/SmartStore (= 4.3.1)
  - SmartStore/SmartStore (4.3.1):
    - SalesforceSDKCore
    - SQLCipher/fts (~> 3.4.0)
  - SmartSync (4.3.1):
    - SmartSync/SmartSync (= 4.3.1)
  - SmartSync/SmartSync (4.3.1):
    - SalesforceRestAPI
    - SalesforceSDKCore
    - SmartStore
  - SQLCipher/common (3.4.0)
  - SQLCipher/fts (3.4.0):
    - SQLCipher/common
  - ZKSforce (37.0.0)

DEPENDENCIES:
  - MBProgressHUD (~> 0.9.2)
  - SalesforceNetwork
  - SalesforceRestAPI
  - SalesforceSDKCore
  - SDWebImage (~> 3.8)
  - SmartStore
  - SmartSync
  - ZKSforce

SPEC CHECKSUMS:
  CocoaLumberjack: 97fab7ee5f507fe54445cca7ea80f926729cfd15
  MBProgressHUD: 1569cf7ace17a8bac47aabfbb8580a49690386d1
  SalesforceNetwork: 0a53deea9a3dbfb11586584fba28de435d2797d9
  SalesforceRestAPI: 2334b3bff7b5e8b2e64b0b8a72031b05d46d9381
  SalesforceSDKCore: 64be7b51436f190c70ebac4adb0e56a70a46b0ad
  SDWebImage: 098e97e6176540799c27e804c96653ee0833d13c
  SmartStore: 0bc42f6ff4533469b245cc6e7df584f9494ec084
  SmartSync: 70a253beb77ee1244ded7d60f4bfb75df590df05
  SQLCipher: 4c768761421736a247ed6cf412d9045615d53dff
  ZKSforce: 1910a3133d09e18af837c3277b7268614b372156

PODFILE CHECKSUM: 194ac7df501c6bc2f31cb2f08ca87218496e3602

COCOAPODS: 1.0.1
